// !$*UTF8*$!
{
	archiveVersion = 1;
	classes = {
	};
	objectVersion = 46;
	objects = {

/* Begin PBXBuildFile section */
		BAA873371CE3911B000EF6C5 /* AuthenticationViewController.m in Sources */ = {isa = PBXBuildFile; fileRef = BAA873361CE3911B000EF6C5 /* AuthenticationViewController.m */; };
		BAA8733A1CE3CB13000EF6C5 /* APIInterface.m in Sources */ = {isa = PBXBuildFile; fileRef = BAA873391CE3CB13000EF6C5 /* APIInterface.m */; };
		BAA8733D1CE3CDCE000EF6C5 /* TicketInfoViewController.m in Sources */ = {isa = PBXBuildFile; fileRef = BAA8733C1CE3CDCE000EF6C5 /* TicketInfoViewController.m */; };
		BAA8733F1CE3E0E3000EF6C5 /* LaunchScreen@2x.png in Resources */ = {isa = PBXBuildFile; fileRef = BAA8733E1CE3E0E3000EF6C5 /* LaunchScreen@2x.png */; };
		BAA873421CE3E210000EF6C5 /* QRCrosshairs.png in Resources */ = {isa = PBXBuildFile; fileRef = BAA873401CE3E210000EF6C5 /* QRCrosshairs.png */; };
		BAA873431CE3E210000EF6C5 /* QRCrosshairs@2x.png in Resources */ = {isa = PBXBuildFile; fileRef = BAA873411CE3E210000EF6C5 /* QRCrosshairs@2x.png */; };
		BAABDD841E28151C0074D79C /* HostConfigurationViewController.m in Sources */ = {isa = PBXBuildFile; fileRef = BAABDD831E28151C0074D79C /* HostConfigurationViewController.m */; };
		BAC412981E7DDD780012AE5A /* Screen Shot 2017-03-18 at 21.25.58.png in Resources */ = {isa = PBXBuildFile; fileRef = BAC412971E7DDD780012AE5A /* Screen Shot 2017-03-18 at 21.25.58.png */; };
		BAEAA6361CE38683001F16B5 /* main.m in Sources */ = {isa = PBXBuildFile; fileRef = BAEAA6351CE38683001F16B5 /* main.m */; };
		BAEAA6391CE38683001F16B5 /* AppDelegate.m in Sources */ = {isa = PBXBuildFile; fileRef = BAEAA6381CE38683001F16B5 /* AppDelegate.m */; };
		BAEAA63C1CE38683001F16B5 /* ViewController.m in Sources */ = {isa = PBXBuildFile; fileRef = BAEAA63B1CE38683001F16B5 /* ViewController.m */; };
		BAEAA63F1CE38683001F16B5 /* Main.storyboard in Resources */ = {isa = PBXBuildFile; fileRef = BAEAA63D1CE38683001F16B5 /* Main.storyboard */; };
		BAEAA6411CE38683001F16B5 /* Assets.xcassets in Resources */ = {isa = PBXBuildFile; fileRef = BAEAA6401CE38683001F16B5 /* Assets.xcassets */; };
		BAEAA6441CE38683001F16B5 /* LaunchScreen.storyboard in Resources */ = {isa = PBXBuildFile; fileRef = BAEAA6421CE38683001F16B5 /* LaunchScreen.storyboard */; };
		BAEAA64C1CE38718001F16B5 /* AVFoundation.framework in Frameworks */ = {isa = PBXBuildFile; fileRef = BAEAA64B1CE38718001F16B5 /* AVFoundation.framework */; };
/* End PBXBuildFile section */

/* Begin PBXFileReference section */
		BAA873351CE3911B000EF6C5 /* AuthenticationViewController.h */ = {isa = PBXFileReference; fileEncoding = 4; lastKnownFileType = sourcecode.c.h; path = AuthenticationViewController.h; sourceTree = "<group>"; };
		BAA873361CE3911B000EF6C5 /* AuthenticationViewController.m */ = {isa = PBXFileReference; fileEncoding = 4; lastKnownFileType = sourcecode.c.objc; path = AuthenticationViewController.m; sourceTree = "<group>"; };
		BAA873381CE3CB13000EF6C5 /* APIInterface.h */ = {isa = PBXFileReference; fileEncoding = 4; lastKnownFileType = sourcecode.c.h; path = APIInterface.h; sourceTree = "<group>"; };
		BAA873391CE3CB13000EF6C5 /* APIInterface.m */ = {isa = PBXFileReference; fileEncoding = 4; lastKnownFileType = sourcecode.c.objc; path = APIInterface.m; sourceTree = "<group>"; };
		BAA8733B1CE3CDCE000EF6C5 /* TicketInfoViewController.h */ = {isa = PBXFileReference; fileEncoding = 4; lastKnownFileType = sourcecode.c.h; path = TicketInfoViewController.h; sourceTree = "<group>"; };
		BAA8733C1CE3CDCE000EF6C5 /* TicketInfoViewController.m */ = {isa = PBXFileReference; fileEncoding = 4; lastKnownFileType = sourcecode.c.objc; path = TicketInfoViewController.m; sourceTree = "<group>"; };
		BAA8733E1CE3E0E3000EF6C5 /* LaunchScreen@2x.png */ = {isa = PBXFileReference; lastKnownFileType = image.png; path = "LaunchScreen@2x.png"; sourceTree = SOURCE_ROOT; };
		BAA873401CE3E210000EF6C5 /* QRCrosshairs.png */ = {isa = PBXFileReference; lastKnownFileType = image.png; name = QRCrosshairs.png; path = "May Ball Check-in/QRCrosshairs.png"; sourceTree = "<group>"; };
		BAA873411CE3E210000EF6C5 /* QRCrosshairs@2x.png */ = {isa = PBXFileReference; lastKnownFileType = image.png; name = "QRCrosshairs@2x.png"; path = "May Ball Check-in/QRCrosshairs@2x.png"; sourceTree = "<group>"; };
		BAABDD821E28151C0074D79C /* HostConfigurationViewController.h */ = {isa = PBXFileReference; fileEncoding = 4; lastKnownFileType = sourcecode.c.h; path = HostConfigurationViewController.h; sourceTree = "<group>"; };
		BAABDD831E28151C0074D79C /* HostConfigurationViewController.m */ = {isa = PBXFileReference; fileEncoding = 4; lastKnownFileType = sourcecode.c.objc; path = HostConfigurationViewController.m; sourceTree = "<group>"; };
		BAC412971E7DDD780012AE5A /* Screen Shot 2017-03-18 at 21.25.58.png */ = {isa = PBXFileReference; lastKnownFileType = image.png; name = "Screen Shot 2017-03-18 at 21.25.58.png"; path = "../../Desktop/Screen Shot 2017-03-18 at 21.25.58.png"; sourceTree = "<group>"; };
		BAEAA6311CE38683001F16B5 /* TktrApp.app */ = {isa = PBXFileReference; explicitFileType = wrapper.application; includeInIndex = 0; path = TktrApp.app; sourceTree = BUILT_PRODUCTS_DIR; };
		BAEAA6351CE38683001F16B5 /* main.m */ = {isa = PBXFileReference; lastKnownFileType = sourcecode.c.objc; path = main.m; sourceTree = "<group>"; };
		BAEAA6371CE38683001F16B5 /* AppDelegate.h */ = {isa = PBXFileReference; lastKnownFileType = sourcecode.c.h; path = AppDelegate.h; sourceTree = "<group>"; };
		BAEAA6381CE38683001F16B5 /* AppDelegate.m */ = {isa = PBXFileReference; lastKnownFileType = sourcecode.c.objc; path = AppDelegate.m; sourceTree = "<group>"; };
		BAEAA63A1CE38683001F16B5 /* ViewController.h */ = {isa = PBXFileReference; lastKnownFileType = sourcecode.c.h; path = ViewController.h; sourceTree = "<group>"; };
		BAEAA63B1CE38683001F16B5 /* ViewController.m */ = {isa = PBXFileReference; lastKnownFileType = sourcecode.c.objc; path = ViewController.m; sourceTree = "<group>"; };
		BAEAA63E1CE38683001F16B5 /* Base */ = {isa = PBXFileReference; lastKnownFileType = file.storyboard; name = Base; path = Base.lproj/Main.storyboard; sourceTree = "<group>"; };
		BAEAA6401CE38683001F16B5 /* Assets.xcassets */ = {isa = PBXFileReference; lastKnownFileType = folder.assetcatalog; name = Assets.xcassets; path = "May Ball Check-in/Assets.xcassets"; sourceTree = "<group>"; };
		BAEAA6431CE38683001F16B5 /* Base */ = {isa = PBXFileReference; lastKnownFileType = file.storyboard; name = Base; path = Base.lproj/LaunchScreen.storyboard; sourceTree = "<group>"; };
		BAEAA6451CE38683001F16B5 /* Info.plist */ = {isa = PBXFileReference; lastKnownFileType = text.plist.xml; name = Info.plist; path = "May Ball Check-in/Info.plist"; sourceTree = "<group>"; };
		BAEAA64B1CE38718001F16B5 /* AVFoundation.framework */ = {isa = PBXFileReference; lastKnownFileType = wrapper.framework; name = AVFoundation.framework; path = System/Library/Frameworks/AVFoundation.framework; sourceTree = SDKROOT; };
/* End PBXFileReference section */

/* Begin PBXFrameworksBuildPhase section */
		BAEAA62E1CE38683001F16B5 /* Frameworks */ = {
			isa = PBXFrameworksBuildPhase;
			buildActionMask = 2147483647;
			files = (
				BAEAA64C1CE38718001F16B5 /* AVFoundation.framework in Frameworks */,
			);
			runOnlyForDeploymentPostprocessing = 0;
		};
/* End PBXFrameworksBuildPhase section */

/* Begin PBXGroup section */
		BAABDD7F1E280F2B0074D79C /* Frameworks */ = {
			isa = PBXGroup;
			children = (
				BAEAA64B1CE38718001F16B5 /* AVFoundation.framework */,
			);
			name = Frameworks;
			sourceTree = "<group>";
		};
		BAABDD801E280F4C0074D79C /* Resources */ = {
			isa = PBXGroup;
			children = (
				BAC412971E7DDD780012AE5A /* Screen Shot 2017-03-18 at 21.25.58.png */,
				BAEAA6451CE38683001F16B5 /* Info.plist */,
				BAEAA6401CE38683001F16B5 /* Assets.xcassets */,
				BAA8733E1CE3E0E3000EF6C5 /* LaunchScreen@2x.png */,
				BAA873401CE3E210000EF6C5 /* QRCrosshairs.png */,
				BAA873411CE3E210000EF6C5 /* QRCrosshairs@2x.png */,
			);
			name = Resources;
			sourceTree = "<group>";
		};
		BAABDD811E280F5E0074D79C /* Layouts */ = {
			isa = PBXGroup;
			children = (
				BAEAA63D1CE38683001F16B5 /* Main.storyboard */,
				BAEAA6421CE38683001F16B5 /* LaunchScreen.storyboard */,
			);
			name = Layouts;
			path = "May Ball Check-in";
			sourceTree = "<group>";
		};
		BAEAA6281CE38683001F16B5 = {
			isa = PBXGroup;
			children = (
				BAEAA6331CE38683001F16B5 /* Sourcecode */,
				BAEAA6321CE38683001F16B5 /* Products */,
				BAABDD811E280F5E0074D79C /* Layouts */,
				BAABDD801E280F4C0074D79C /* Resources */,
				BAEAA6341CE38683001F16B5 /* Supporting Files */,
				BAABDD7F1E280F2B0074D79C /* Frameworks */,
			);
			sourceTree = "<group>";
		};
		BAEAA6321CE38683001F16B5 /* Products */ = {
			isa = PBXGroup;
			children = (
				BAEAA6311CE38683001F16B5 /* TktrApp.app */,
			);
			name = Products;
			sourceTree = "<group>";
		};
		BAEAA6331CE38683001F16B5 /* Sourcecode */ = {
			isa = PBXGroup;
			children = (
				BAEAA6371CE38683001F16B5 /* AppDelegate.h */,
				BAEAA6381CE38683001F16B5 /* AppDelegate.m */,
				BAA873381CE3CB13000EF6C5 /* APIInterface.h */,
				BAA873391CE3CB13000EF6C5 /* APIInterface.m */,
				BAA873351CE3911B000EF6C5 /* AuthenticationViewController.h */,
				BAA873361CE3911B000EF6C5 /* AuthenticationViewController.m */,
				BAEAA63A1CE38683001F16B5 /* ViewController.h */,
				BAEAA63B1CE38683001F16B5 /* ViewController.m */,
				BAA8733B1CE3CDCE000EF6C5 /* TicketInfoViewController.h */,
				BAA8733C1CE3CDCE000EF6C5 /* TicketInfoViewController.m */,
				BAABDD821E28151C0074D79C /* HostConfigurationViewController.h */,
				BAABDD831E28151C0074D79C /* HostConfigurationViewController.m */,
			);
			name = Sourcecode;
			path = "May Ball Check-in";
			sourceTree = "<group>";
		};
		BAEAA6341CE38683001F16B5 /* Supporting Files */ = {
			isa = PBXGroup;
			children = (
				BAEAA6351CE38683001F16B5 /* main.m */,
			);
			name = "Supporting Files";
			path = "May Ball Check-in";
			sourceTree = "<group>";
		};
/* End PBXGroup section */

/* Begin PBXNativeTarget section */
		BAEAA6301CE38683001F16B5 /* TktrApp */ = {
			isa = PBXNativeTarget;
			buildConfigurationList = BAEAA6481CE38683001F16B5 /* Build configuration list for PBXNativeTarget "TktrApp" */;
			buildPhases = (
				BAEAA62D1CE38683001F16B5 /* Sources */,
				BAEAA62E1CE38683001F16B5 /* Frameworks */,
				BAEAA62F1CE38683001F16B5 /* Resources */,
			);
			buildRules = (
			);
			dependencies = (
			);
			name = TktrApp;
			productName = "May Ball Check-in";
			productReference = BAEAA6311CE38683001F16B5 /* TktrApp.app */;
			productType = "com.apple.product-type.application";
		};
/* End PBXNativeTarget section */

/* Begin PBXProject section */
		BAEAA6291CE38683001F16B5 /* Project object */ = {
			isa = PBXProject;
			attributes = {
				LastUpgradeCheck = 0730;
				ORGANIZATIONNAME = "Peter Birch";
				TargetAttributes = {
					BAEAA6301CE38683001F16B5 = {
						CreatedOnToolsVersion = 7.3.1;
						DevelopmentTeam = 77LSJMCV2H;
					};
				};
			};
			buildConfigurationList = BAEAA62C1CE38683001F16B5 /* Build configuration list for PBXProject "TktrApp" */;
			compatibilityVersion = "Xcode 3.2";
			developmentRegion = English;
			hasScannedForEncodings = 0;
			knownRegions = (
				en,
				Base,
			);
			mainGroup = BAEAA6281CE38683001F16B5;
			productRefGroup = BAEAA6321CE38683001F16B5 /* Products */;
			projectDirPath = "";
			projectRoot = "";
			targets = (
				BAEAA6301CE38683001F16B5 /* TktrApp */,
			);
		};
/* End PBXProject section */

/* Begin PBXResourcesBuildPhase section */
		BAEAA62F1CE38683001F16B5 /* Resources */ = {
			isa = PBXResourcesBuildPhase;
			buildActionMask = 2147483647;
			files = (
				BAEAA6441CE38683001F16B5 /* LaunchScreen.storyboard in Resources */,
				BAC412981E7DDD780012AE5A /* Screen Shot 2017-03-18 at 21.25.58.png in Resources */,
				BAEAA6411CE38683001F16B5 /* Assets.xcassets in Resources */,
				BAEAA63F1CE38683001F16B5 /* Main.storyboard in Resources */,
				BAA873421CE3E210000EF6C5 /* QRCrosshairs.png in Resources */,
				BAA873431CE3E210000EF6C5 /* QRCrosshairs@2x.png in Resources */,
				BAA8733F1CE3E0E3000EF6C5 /* LaunchScreen@2x.png in Resources */,
			);
			runOnlyForDeploymentPostprocessing = 0;
		};
/* End PBXResourcesBuildPhase section */

/* Begin PBXSourcesBuildPhase section */
		BAEAA62D1CE38683001F16B5 /* Sources */ = {
			isa = PBXSourcesBuildPhase;
			buildActionMask = 2147483647;
			files = (
				BAA873371CE3911B000EF6C5 /* AuthenticationViewController.m in Sources */,
				BAEAA63C1CE38683001F16B5 /* ViewController.m in Sources */,
				BAA8733D1CE3CDCE000EF6C5 /* TicketInfoViewController.m in Sources */,
				BAABDD841E28151C0074D79C /* HostConfigurationViewController.m in Sources */,
				BAEAA6391CE38683001F16B5 /* AppDelegate.m in Sources */,
				BAEAA6361CE38683001F16B5 /* main.m in Sources */,
				BAA8733A1CE3CB13000EF6C5 /* APIInterface.m in Sources */,
			);
			runOnlyForDeploymentPostprocessing = 0;
		};
/* End PBXSourcesBuildPhase section */

/* Begin PBXVariantGroup section */
		BAEAA63D1CE38683001F16B5 /* Main.storyboard */ = {
			isa = PBXVariantGroup;
			children = (
				BAEAA63E1CE38683001F16B5 /* Base */,
			);
			name = Main.storyboard;
			sourceTree = "<group>";
		};
		BAEAA6421CE38683001F16B5 /* LaunchScreen.storyboard */ = {
			isa = PBXVariantGroup;
			children = (
				BAEAA6431CE38683001F16B5 /* Base */,
			);
			name = LaunchScreen.storyboard;
			sourceTree = "<group>";
		};
/* End PBXVariantGroup section */

/* Begin XCBuildConfiguration section */
		BAEAA6461CE38683001F16B5 /* Debug */ = {
			isa = XCBuildConfiguration;
			buildSettings = {
				ALWAYS_SEARCH_USER_PATHS = NO;
				CLANG_ANALYZER_NONNULL = YES;
				CLANG_CXX_LANGUAGE_STANDARD = "gnu++0x";
				CLANG_CXX_LIBRARY = "libc++";
				CLANG_ENABLE_MODULES = YES;
				CLANG_ENABLE_OBJC_ARC = YES;
				CLANG_WARN_BOOL_CONVERSION = YES;
				CLANG_WARN_CONSTANT_CONVERSION = YES;
				CLANG_WARN_DIRECT_OBJC_ISA_USAGE = YES_ERROR;
				CLANG_WARN_EMPTY_BODY = YES;
				CLANG_WARN_ENUM_CONVERSION = YES;
				CLANG_WARN_INT_CONVERSION = YES;
				CLANG_WARN_OBJC_ROOT_CLASS = YES_ERROR;
				CLANG_WARN_UNREACHABLE_CODE = YES;
				CLANG_WARN__DUPLICATE_METHOD_MATCH = YES;
				"CODE_SIGN_IDENTITY[sdk=iphoneos*]" = "iPhone Developer";
				COPY_PHASE_STRIP = NO;
				DEBUG_INFORMATION_FORMAT = dwarf;
				ENABLE_STRICT_OBJC_MSGSEND = YES;
				ENABLE_TESTABILITY = YES;
				GCC_C_LANGUAGE_STANDARD = gnu99;
				GCC_DYNAMIC_NO_PIC = NO;
				GCC_NO_COMMON_BLOCKS = YES;
				GCC_OPTIMIZATION_LEVEL = 0;
				GCC_PREPROCESSOR_DEFINITIONS = (
					"DEBUG=1",
					"$(inherited)",
				);
				GCC_WARN_64_TO_32_BIT_CONVERSION = YES;
				GCC_WARN_ABOUT_RETURN_TYPE = YES_ERROR;
				GCC_WARN_UNDECLARED_SELECTOR = YES;
				GCC_WARN_UNINITIALIZED_AUTOS = YES_AGGRESSIVE;
				GCC_WARN_UNUSED_FUNCTION = YES;
				GCC_WARN_UNUSED_VARIABLE = YES;
				IPHONEOS_DEPLOYMENT_TARGET = 9.3;
				MTL_ENABLE_DEBUG_INFO = YES;
				ONLY_ACTIVE_ARCH = YES;
				SDKROOT = iphoneos;
			};
			name = Debug;
		};
		BAEAA6471CE38683001F16B5 /* Release */ = {
			isa = XCBuildConfiguration;
			buildSettings = {
				ALWAYS_SEARCH_USER_PATHS = NO;
				CLANG_ANALYZER_NONNULL = YES;
				CLANG_CXX_LANGUAGE_STANDARD = "gnu++0x";
				CLANG_CXX_LIBRARY = "libc++";
				CLANG_ENABLE_MODULES = YES;
				CLANG_ENABLE_OBJC_ARC = YES;
				CLANG_WARN_BOOL_CONVERSION = YES;
				CLANG_WARN_CONSTANT_CONVERSION = YES;
				CLANG_WARN_DIRECT_OBJC_ISA_USAGE = YES_ERROR;
				CLANG_WARN_EMPTY_BODY = YES;
				CLANG_WARN_ENUM_CONVERSION = YES;
				CLANG_WARN_INT_CONVERSION = YES;
				CLANG_WARN_OBJC_ROOT_CLASS = YES_ERROR;
				CLANG_WARN_UNREACHABLE_CODE = YES;
				CLANG_WARN__DUPLICATE_METHOD_MATCH = YES;
				"CODE_SIGN_IDENTITY[sdk=iphoneos*]" = "iPhone Developer";
				COPY_PHASE_STRIP = NO;
				DEBUG_INFORMATION_FORMAT = "dwarf-with-dsym";
				ENABLE_NS_ASSERTIONS = NO;
				ENABLE_STRICT_OBJC_MSGSEND = YES;
				GCC_C_LANGUAGE_STANDARD = gnu99;
				GCC_NO_COMMON_BLOCKS = YES;
				GCC_WARN_64_TO_32_BIT_CONVERSION = YES;
				GCC_WARN_ABOUT_RETURN_TYPE = YES_ERROR;
				GCC_WARN_UNDECLARED_SELECTOR = YES;
				GCC_WARN_UNINITIALIZED_AUTOS = YES_AGGRESSIVE;
				GCC_WARN_UNUSED_FUNCTION = YES;
				GCC_WARN_UNUSED_VARIABLE = YES;
				IPHONEOS_DEPLOYMENT_TARGET = 9.3;
				MTL_ENABLE_DEBUG_INFO = NO;
				SDKROOT = iphoneos;
				VALIDATE_PRODUCT = YES;
			};
			name = Release;
		};
		BAEAA6491CE38683001F16B5 /* Debug */ = {
			isa = XCBuildConfiguration;
			buildSettings = {
				ASSETCATALOG_COMPILER_APPICON_NAME = AppIcon;
				CODE_SIGN_IDENTITY = "iPhone Developer";
				"CODE_SIGN_IDENTITY[sdk=iphoneos*]" = "iPhone Developer";
				INFOPLIST_FILE = "May Ball Check-in/Info.plist";
				IPHONEOS_DEPLOYMENT_TARGET = 6.0;
				LD_RUNPATH_SEARCH_PATHS = "$(inherited) @executable_path/Frameworks";
				PRODUCT_BUNDLE_IDENTIFIER = uk.co.lightlogic.tktr;
				PRODUCT_NAME = "$(TARGET_NAME)";
				PROVISIONING_PROFILE = "";
			};
			name = Debug;
		};
		BAEAA64A1CE38683001F16B5 /* Release */ = {
			isa = XCBuildConfiguration;
			buildSettings = {
				ASSETCATALOG_COMPILER_APPICON_NAME = AppIcon;
				CODE_SIGN_IDENTITY = "iPhone Developer";
				"CODE_SIGN_IDENTITY[sdk=iphoneos*]" = "iPhone Developer";
				INFOPLIST_FILE = "May Ball Check-in/Info.plist";
				IPHONEOS_DEPLOYMENT_TARGET = 6.0;
				LD_RUNPATH_SEARCH_PATHS = "$(inherited) @executable_path/Frameworks";
				PRODUCT_BUNDLE_IDENTIFIER = uk.co.lightlogic.tktr;
				PRODUCT_NAME = "$(TARGET_NAME)";
				PROVISIONING_PROFILE = "";
			};
			name = Release;
		};
/* End XCBuildConfiguration section */

/* Begin XCConfigurationList section */
		BAEAA62C1CE38683001F16B5 /* Build configuration list for PBXProject "TktrApp" */ = {
			isa = XCConfigurationList;
			buildConfigurations = (
				BAEAA6461CE38683001F16B5 /* Debug */,
				BAEAA6471CE38683001F16B5 /* Release */,
			);
			defaultConfigurationIsVisible = 0;
			defaultConfigurationName = Release;
		};
		BAEAA6481CE38683001F16B5 /* Build configuration list for PBXNativeTarget "TktrApp" */ = {
			isa = XCConfigurationList;
			buildConfigurations = (
				BAEAA6491CE38683001F16B5 /* Debug */,
				BAEAA64A1CE38683001F16B5 /* Release */,
			);
			defaultConfigurationIsVisible = 0;
			defaultConfigurationName = Release;
		};
/* End XCConfigurationList section */
	};
	rootObject = BAEAA6291CE38683001F16B5 /* Project object */;
}
